
Microsoft Visual Studio Solution File, Format Version 12.00
# Visual Studio Version 17
VisualStudioVersion = 17.0.31903.59
MinimumVisualStudioVersion = 10.0.40219.1
Project("{FAE04EC0-301F-11D3-BF4B-00C04F79EFBC}") = "Task1", "Task1\Task1.csproj", "{02BE275C-69E3-4567-9B37-379854051FFC}"
EndProject
Project("{FAE04EC0-301F-11D3-BF4B-00C04F79EFBC}") = "Task2", "Task2\Task2.csproj", "{FA11CE24-BF4F-48CE-B904-C1898C133A54}"
EndProject
Project("{FAE04EC0-301F-11D3-BF4B-00C04F79EFBC}") = "Task3", "Task3\Task3.csproj", "{AAD13092-8695-4FC8-B496-09FD9390B1BD}"
EndProject
Project("{FAE04EC0-301F-11D3-BF4B-00C04F79EFBC}") = "Task5", "Task5\Task5.csproj", "{401A27A1-6A25-416D-BD8D-B1D52C3B13FB}"
EndProject
Project("{FAE04EC0-301F-11D3-BF4B-00C04F79EFBC}") = "Task6", "Task6\Task6.csproj", "{3A0C649A-B81B-42DD-AC9C-5BF5D1BD8558}"
EndProject
Project("{FAE04EC0-301F-11D3-BF4B-00C04F79EFBC}") = "Task7", "Task7\Task7.csproj", "{8F7886E0-6A45-4F52-8B84-794F584FE277}"
EndProject
Global
	GlobalSection(SolutionConfigurationPlatforms) = preSolution
		Debug|Any CPU = Debug|Any CPU
		Release|Any CPU = Release|Any CPU
	EndGlobalSection
	GlobalSection(SolutionProperties) = preSolution
		HideSolutionNode = FALSE
	EndGlobalSection
	GlobalSection(ProjectConfigurationPlatforms) = postSolution
		{02BE275C-69E3-4567-9B37-379854051FFC}.Debug|Any CPU.ActiveCfg = Debug|Any CPU
		{02BE275C-69E3-4567-9B37-379854051FFC}.Debug|Any CPU.Build.0 = Debug|Any CPU
		{02BE275C-69E3-4567-9B37-379854051FFC}.Release|Any CPU.ActiveCfg = Release|Any CPU
		{02BE275C-69E3-4567-9B37-379854051FFC}.Release|Any CPU.Build.0 = Release|Any CPU
		{FA11CE24-BF4F-48CE-B904-C1898C133A54}.Debug|Any CPU.ActiveCfg = Debug|Any CPU
		{FA11CE24-BF4F-48CE-B904-C1898C133A54}.Debug|Any CPU.Build.0 = Debug|Any CPU
		{FA11CE24-BF4F-48CE-B904-C1898C133A54}.Release|Any CPU.ActiveCfg = Release|Any CPU
		{FA11CE24-BF4F-48CE-B904-C1898C133A54}.Release|Any CPU.Build.0 = Release|Any CPU
		{AAD13092-8695-4FC8-B496-09FD9390B1BD}.Debug|Any CPU.ActiveCfg = Debug|Any CPU
		{AAD13092-8695-4FC8-B496-09FD9390B1BD}.Debug|Any CPU.Build.0 = Debug|Any CPU
		{AAD13092-8695-4FC8-B496-09FD9390B1BD}.Release|Any CPU.ActiveCfg = Release|Any CPU
		{AAD13092-8695-4FC8-B496-09FD9390B1BD}.Release|Any CPU.Build.0 = Release|Any CPU
		{401A27A1-6A25-416D-BD8D-B1D52C3B13FB}.Debug|Any CPU.ActiveCfg = Debug|Any CPU
		{401A27A1-6A25-416D-BD8D-B1D52C3B13FB}.Debug|Any CPU.Build.0 = Debug|Any CPU
		{401A27A1-6A25-416D-BD8D-B1D52C3B13FB}.Release|Any CPU.ActiveCfg = Release|Any CPU
		{401A27A1-6A25-416D-BD8D-B1D52C3B13FB}.Release|Any CPU.Build.0 = Release|Any CPU
		{3A0C649A-B81B-42DD-AC9C-5BF5D1BD8558}.Debug|Any CPU.ActiveCfg = Debug|Any CPU
		{3A0C649A-B81B-42DD-AC9C-5BF5D1BD8558}.Debug|Any CPU.Build.0 = Debug|Any CPU
		{3A0C649A-B81B-42DD-AC9C-5BF5D1BD8558}.Release|Any CPU.ActiveCfg = Release|Any CPU
		{3A0C649A-B81B-42DD-AC9C-5BF5D1BD8558}.Release|Any CPU.Build.0 = Release|Any CPU
		{8F7886E0-6A45-4F52-8B84-794F584FE277}.Debug|Any CPU.ActiveCfg = Debug|Any CPU
		{8F7886E0-6A45-4F52-8B84-794F584FE277}.Debug|Any CPU.Build.0 = Debug|Any CPU
		{8F7886E0-6A45-4F52-8B84-794F584FE277}.Release|Any CPU.ActiveCfg = Release|Any CPU
		{8F7886E0-6A45-4F52-8B84-794F584FE277}.Release|Any CPU.Build.0 = Release|Any CPU
	EndGlobalSection
EndGlobal
